
Microsoft Visual Studio Solution File, Format Version 12.00
# Visual Studio Version 17
VisualStudioVersion = 17.1.32319.34
MinimumVisualStudioVersion = 10.0.40219.1
Project("{9A19103F-16F7-4668-BE54-9A1E7A4F7556}") = "Service", "Service\Service.csproj", "{BBE3EE95-6B6E-4AE9-A783-B8217BF68CBE}"
EndProject
Project("{2150E333-8FDC-42A3-9474-1A3956D46DE8}") = "tests", "tests", "{B75B559A-6C55-416D-BCCE-E3EC19E95746}"
EndProject
Project("{9A19103F-16F7-4668-BE54-9A1E7A4F7556}") = "IntegrationTest", "IntegrationTest\IntegrationTest.csproj", "{39B0F96F-EE7C-4592-8F5B-72636F2F5927}"
EndProject
Project("{9A19103F-16F7-4668-BE54-9A1E7A4F7556}") = "UnitTest", "UnitTest\UnitTest.csproj", "{7B257C06-C825-4E02-B383-DBC244A17A0B}"
EndProject
Global
	GlobalSection(SolutionConfigurationPlatforms) = preSolution
		Debug|Any CPU = Debug|Any CPU
		Release|Any CPU = Release|Any CPU
	EndGlobalSection
	GlobalSection(ProjectConfigurationPlatforms) = postSolution
		{BBE3EE95-6B6E-4AE9-A783-B8217BF68CBE}.Debug|Any CPU.ActiveCfg = Debug|Any CPU
		{BBE3EE95-6B6E-4AE9-A783-B8217BF68CBE}.Debug|Any CPU.Build.0 = Debug|Any CPU
		{BBE3EE95-6B6E-4AE9-A783-B8217BF68CBE}.Release|Any CPU.ActiveCfg = Release|Any CPU
		{BBE3EE95-6B6E-4AE9-A783-B8217BF68CBE}.Release|Any CPU.Build.0 = Release|Any CPU
		{39B0F96F-EE7C-4592-8F5B-72636F2F5927}.Debug|Any CPU.ActiveCfg = Debug|Any CPU
		{39B0F96F-EE7C-4592-8F5B-72636F2F5927}.Debug|Any CPU.Build.0 = Debug|Any CPU
		{39B0F96F-EE7C-4592-8F5B-72636F2F5927}.Release|Any CPU.ActiveCfg = Release|Any CPU
		{39B0F96F-EE7C-4592-8F5B-72636F2F5927}.Release|Any CPU.Build.0 = Release|Any CPU
		{7B257C06-C825-4E02-B383-DBC244A17A0B}.Debug|Any CPU.ActiveCfg = Debug|Any CPU
		{7B257C06-C825-4E02-B383-DBC244A17A0B}.Debug|Any CPU.Build.0 = Debug|Any CPU
		{7B257C06-C825-4E02-B383-DBC244A17A0B}.Release|Any CPU.ActiveCfg = Release|Any CPU
		{7B257C06-C825-4E02-B383-DBC244A17A0B}.Release|Any CPU.Build.0 = Release|Any CPU
	EndGlobalSection
	GlobalSection(SolutionProperties) = preSolution
		HideSolutionNode = FALSE
	EndGlobalSection
	GlobalSection(NestedProjects) = preSolution
		{39B0F96F-EE7C-4592-8F5B-72636F2F5927} = {B75B559A-6C55-416D-BCCE-E3EC19E95746}
		{7B257C06-C825-4E02-B383-DBC244A17A0B} = {B75B559A-6C55-416D-BCCE-E3EC19E95746}
	EndGlobalSection
	GlobalSection(ExtensibilityGlobals) = postSolution
		SolutionGuid = {4219628C-47E9-4C61-ADFD-7A676AF3944A}
	EndGlobalSection
EndGlobal
